
Microsoft Visual Studio Solution File, Format Version 12.00
# Visual Studio Version 16
VisualStudioVersion = 16.0.31321.278
MinimumVisualStudioVersion = 10.0.40219.1
Project("{FAE04EC0-301F-11D3-BF4B-00C04F79EFBC}") = "PesquisarCodigoPostal_API", "PesquisarCodigoPostal_API_MVC\PesquisarCodigoPostal_API.csproj", "{481728B0-F696-40E9-978C-DF73F7D62FA0}"
EndProject
Project("{FAE04EC0-301F-11D3-BF4B-00C04F79EFBC}") = "PesquisarCodigoPostal_View", "PesquisarCodigoPostal_View\PesquisarCodigoPostal_View.csproj", "{077562F0-9CFB-495C-AF1C-49901627913E}"
EndProject
Project("{FAE04EC0-301F-11D3-BF4B-00C04F79EFBC}") = "ClassLibraryModel", "ClassLibraryModel\ClassLibraryModel.csproj", "{60183B1A-6A71-4D7B-B096-232BF95E09DD}"
EndProject
Project("{2150E333-8FDC-42A3-9474-1A3956D46DE8}") = "Solution Items", "Solution Items", "{89D93135-7147-45A6-993A-24DB84B4D52E}"
	ProjectSection(SolutionItems) = preProject
		SQLServerCode.txt = SQLServerCode.txt
	EndProjectSection
EndProject
Global
	GlobalSection(SolutionConfigurationPlatforms) = preSolution
		Debug|Any CPU = Debug|Any CPU
		Release|Any CPU = Release|Any CPU
	EndGlobalSection
	GlobalSection(ProjectConfigurationPlatforms) = postSolution
		{481728B0-F696-40E9-978C-DF73F7D62FA0}.Debug|Any CPU.ActiveCfg = Debug|Any CPU
		{481728B0-F696-40E9-978C-DF73F7D62FA0}.Debug|Any CPU.Build.0 = Debug|Any CPU
		{481728B0-F696-40E9-978C-DF73F7D62FA0}.Release|Any CPU.ActiveCfg = Release|Any CPU
		{481728B0-F696-40E9-978C-DF73F7D62FA0}.Release|Any CPU.Build.0 = Release|Any CPU
		{077562F0-9CFB-495C-AF1C-49901627913E}.Debug|Any CPU.ActiveCfg = Debug|Any CPU
		{077562F0-9CFB-495C-AF1C-49901627913E}.Debug|Any CPU.Build.0 = Debug|Any CPU
		{077562F0-9CFB-495C-AF1C-49901627913E}.Release|Any CPU.ActiveCfg = Release|Any CPU
		{077562F0-9CFB-495C-AF1C-49901627913E}.Release|Any CPU.Build.0 = Release|Any CPU
		{60183B1A-6A71-4D7B-B096-232BF95E09DD}.Debug|Any CPU.ActiveCfg = Debug|Any CPU
		{60183B1A-6A71-4D7B-B096-232BF95E09DD}.Debug|Any CPU.Build.0 = Debug|Any CPU
		{60183B1A-6A71-4D7B-B096-232BF95E09DD}.Release|Any CPU.ActiveCfg = Release|Any CPU
		{60183B1A-6A71-4D7B-B096-232BF95E09DD}.Release|Any CPU.Build.0 = Release|Any CPU
	EndGlobalSection
	GlobalSection(SolutionProperties) = preSolution
		HideSolutionNode = FALSE
	EndGlobalSection
	GlobalSection(ExtensibilityGlobals) = postSolution
		SolutionGuid = {C0F71935-6793-4DE0-B5B5-C3C9ACDC8DAA}
	EndGlobalSection
EndGlobal
